
Microsoft Visual Studio Solution File, Format Version 12.00
# Visual Studio Version 16
VisualStudioVersion = 16.0.30413.136
MinimumVisualStudioVersion = 10.0.40219.1
Project("{2150E333-8FDC-42A3-9474-1A3956D46DE8}") = "Source", "Source", "{C7C0C29B-8D68-481B-8D90-12BC7E822A6F}"
EndProject
Project("{2150E333-8FDC-42A3-9474-1A3956D46DE8}") = "Tests", "Tests", "{53BC926C-0A54-47F7-BE0E-199DCE9A6463}"
EndProject
Project("{FAE04EC0-301F-11D3-BF4B-00C04F79EFBC}") = "Core", "Core\Core.csproj", "{D55C8CEF-C24C-49C9-A39E-60CD00994349}"
EndProject
Project("{FAE04EC0-301F-11D3-BF4B-00C04F79EFBC}") = "Core.Test", "Core.Test\Core.Test.csproj", "{7109AC2A-7EC8-4051-880A-FC9AFE43A091}"
EndProject
Global
	GlobalSection(SolutionConfigurationPlatforms) = preSolution
		Debug|Any CPU = Debug|Any CPU
		Release|Any CPU = Release|Any CPU
	EndGlobalSection
	GlobalSection(ProjectConfigurationPlatforms) = postSolution
		{D55C8CEF-C24C-49C9-A39E-60CD00994349}.Debug|Any CPU.ActiveCfg = Debug|Any CPU
		{D55C8CEF-C24C-49C9-A39E-60CD00994349}.Debug|Any CPU.Build.0 = Debug|Any CPU
		{D55C8CEF-C24C-49C9-A39E-60CD00994349}.Release|Any CPU.ActiveCfg = Release|Any CPU
		{D55C8CEF-C24C-49C9-A39E-60CD00994349}.Release|Any CPU.Build.0 = Release|Any CPU
		{7109AC2A-7EC8-4051-880A-FC9AFE43A091}.Debug|Any CPU.ActiveCfg = Debug|Any CPU
		{7109AC2A-7EC8-4051-880A-FC9AFE43A091}.Debug|Any CPU.Build.0 = Debug|Any CPU
		{7109AC2A-7EC8-4051-880A-FC9AFE43A091}.Release|Any CPU.ActiveCfg = Release|Any CPU
		{7109AC2A-7EC8-4051-880A-FC9AFE43A091}.Release|Any CPU.Build.0 = Release|Any CPU
	EndGlobalSection
	GlobalSection(SolutionProperties) = preSolution
		HideSolutionNode = FALSE
	EndGlobalSection
	GlobalSection(NestedProjects) = preSolution
		{D55C8CEF-C24C-49C9-A39E-60CD00994349} = {C7C0C29B-8D68-481B-8D90-12BC7E822A6F}
		{7109AC2A-7EC8-4051-880A-FC9AFE43A091} = {53BC926C-0A54-47F7-BE0E-199DCE9A6463}
	EndGlobalSection
	GlobalSection(ExtensibilityGlobals) = postSolution
		SolutionGuid = {48290F64-8640-4CFE-8C2E-69DE585D7F8D}
	EndGlobalSection
EndGlobal
