
Microsoft Visual Studio Solution File, Format Version 12.00
# Visual Studio Version 16
VisualStudioVersion = 16.0.30413.136
MinimumVisualStudioVersion = 15.0.26124.0
Project("{2150E333-8FDC-42A3-9474-1A3956D46DE8}") = "Source", "Source", "{AB2020FA-B4E4-4264-B58A-A892E1A4733B}"
EndProject
Project("{9A19103F-16F7-4668-BE54-9A1E7A4F7556}") = "Core", "Source\Core\Core.csproj", "{9FA53B3B-958A-4660-B4E1-B08FBF07A9DF}"
EndProject
Project("{2150E333-8FDC-42A3-9474-1A3956D46DE8}") = "Test", "Test", "{A9EEBD57-189B-43C9-B719-0A70F9847242}"
EndProject
Project("{9A19103F-16F7-4668-BE54-9A1E7A4F7556}") = "Core.Test", "Test\Core.Test\Core.Test.csproj", "{8CBDE9F8-7F9B-445C-A907-6ACCAB30F6C8}"
EndProject
Project("{9A19103F-16F7-4668-BE54-9A1E7A4F7556}") = "Infrastructure", "Source\Infrastructure\Infrastructure.csproj", "{3519C92B-E7B1-4565-81FE-FB57ECE8AF1F}"
EndProject
Project("{FAE04EC0-301F-11D3-BF4B-00C04F79EFBC}") = "Spender.Android", "Source\Spender\Spender.Android\Spender.Android.csproj", "{28F7E901-503A-4022-9542-487DFF48AB1D}"
EndProject
Project("{FAE04EC0-301F-11D3-BF4B-00C04F79EFBC}") = "Spender.iOS", "Source\Spender\Spender.iOS\Spender.iOS.csproj", "{8ED67BFD-4EF3-42BD-969E-43DF87E3B159}"
EndProject
Project("{9A19103F-16F7-4668-BE54-9A1E7A4F7556}") = "Spender", "Source\Spender\Spender\Spender.csproj", "{49944B88-61C8-457E-8040-8312DE8572CA}"
EndProject
Global
	GlobalSection(SolutionConfigurationPlatforms) = preSolution
		Alpha|Any CPU = Alpha|Any CPU
		Alpha|iPhone = Alpha|iPhone
		Alpha|iPhoneSimulator = Alpha|iPhoneSimulator
		Alpha|x64 = Alpha|x64
		Alpha|x86 = Alpha|x86
		Debug|Any CPU = Debug|Any CPU
		Debug|iPhone = Debug|iPhone
		Debug|iPhoneSimulator = Debug|iPhoneSimulator
		Debug|x64 = Debug|x64
		Debug|x86 = Debug|x86
		Release|Any CPU = Release|Any CPU
		Release|iPhone = Release|iPhone
		Release|iPhoneSimulator = Release|iPhoneSimulator
		Release|x64 = Release|x64
		Release|x86 = Release|x86
	EndGlobalSection
	GlobalSection(ProjectConfigurationPlatforms) = postSolution
		{9FA53B3B-958A-4660-B4E1-B08FBF07A9DF}.Alpha|Any CPU.ActiveCfg = Alpha|Any CPU
		{9FA53B3B-958A-4660-B4E1-B08FBF07A9DF}.Alpha|Any CPU.Build.0 = Alpha|Any CPU
		{9FA53B3B-958A-4660-B4E1-B08FBF07A9DF}.Alpha|iPhone.ActiveCfg = Alpha|Any CPU
		{9FA53B3B-958A-4660-B4E1-B08FBF07A9DF}.Alpha|iPhone.Build.0 = Alpha|Any CPU
		{9FA53B3B-958A-4660-B4E1-B08FBF07A9DF}.Alpha|iPhoneSimulator.ActiveCfg = Alpha|Any CPU
		{9FA53B3B-958A-4660-B4E1-B08FBF07A9DF}.Alpha|iPhoneSimulator.Build.0 = Alpha|Any CPU
		{9FA53B3B-958A-4660-B4E1-B08FBF07A9DF}.Alpha|x64.ActiveCfg = Alpha|Any CPU
		{9FA53B3B-958A-4660-B4E1-B08FBF07A9DF}.Alpha|x64.Build.0 = Alpha|Any CPU
		{9FA53B3B-958A-4660-B4E1-B08FBF07A9DF}.Alpha|x86.ActiveCfg = Alpha|Any CPU
		{9FA53B3B-958A-4660-B4E1-B08FBF07A9DF}.Alpha|x86.Build.0 = Alpha|Any CPU
		{9FA53B3B-958A-4660-B4E1-B08FBF07A9DF}.Debug|Any CPU.ActiveCfg = Debug|Any CPU
		{9FA53B3B-958A-4660-B4E1-B08FBF07A9DF}.Debug|Any CPU.Build.0 = Debug|Any CPU
		{9FA53B3B-958A-4660-B4E1-B08FBF07A9DF}.Debug|iPhone.ActiveCfg = Debug|Any CPU
		{9FA53B3B-958A-4660-B4E1-B08FBF07A9DF}.Debug|iPhone.Build.0 = Debug|Any CPU
		{9FA53B3B-958A-4660-B4E1-B08FBF07A9DF}.Debug|iPhoneSimulator.ActiveCfg = Debug|Any CPU
		{9FA53B3B-958A-4660-B4E1-B08FBF07A9DF}.Debug|iPhoneSimulator.Build.0 = Debug|Any CPU
		{9FA53B3B-958A-4660-B4E1-B08FBF07A9DF}.Debug|x64.ActiveCfg = Debug|Any CPU
		{9FA53B3B-958A-4660-B4E1-B08FBF07A9DF}.Debug|x64.Build.0 = Debug|Any CPU
		{9FA53B3B-958A-4660-B4E1-B08FBF07A9DF}.Debug|x86.ActiveCfg = Debug|Any CPU
		{9FA53B3B-958A-4660-B4E1-B08FBF07A9DF}.Debug|x86.Build.0 = Debug|Any CPU
		{9FA53B3B-958A-4660-B4E1-B08FBF07A9DF}.Release|Any CPU.ActiveCfg = Release|Any CPU
		{9FA53B3B-958A-4660-B4E1-B08FBF07A9DF}.Release|Any CPU.Build.0 = Release|Any CPU
		{9FA53B3B-958A-4660-B4E1-B08FBF07A9DF}.Release|iPhone.ActiveCfg = Release|Any CPU
		{9FA53B3B-958A-4660-B4E1-B08FBF07A9DF}.Release|iPhone.Build.0 = Release|Any CPU
		{9FA53B3B-958A-4660-B4E1-B08FBF07A9DF}.Release|iPhoneSimulator.ActiveCfg = Release|Any CPU
		{9FA53B3B-958A-4660-B4E1-B08FBF07A9DF}.Release|iPhoneSimulator.Build.0 = Release|Any CPU
		{9FA53B3B-958A-4660-B4E1-B08FBF07A9DF}.Release|x64.ActiveCfg = Release|Any CPU
		{9FA53B3B-958A-4660-B4E1-B08FBF07A9DF}.Release|x64.Build.0 = Release|Any CPU
		{9FA53B3B-958A-4660-B4E1-B08FBF07A9DF}.Release|x86.ActiveCfg = Release|Any CPU
		{9FA53B3B-958A-4660-B4E1-B08FBF07A9DF}.Release|x86.Build.0 = Release|Any CPU
		{8CBDE9F8-7F9B-445C-A907-6ACCAB30F6C8}.Alpha|Any CPU.ActiveCfg = Alpha|Any CPU
		{8CBDE9F8-7F9B-445C-A907-6ACCAB30F6C8}.Alpha|Any CPU.Build.0 = Alpha|Any CPU
		{8CBDE9F8-7F9B-445C-A907-6ACCAB30F6C8}.Alpha|iPhone.ActiveCfg = Alpha|Any CPU
		{8CBDE9F8-7F9B-445C-A907-6ACCAB30F6C8}.Alpha|iPhone.Build.0 = Alpha|Any CPU
		{8CBDE9F8-7F9B-445C-A907-6ACCAB30F6C8}.Alpha|iPhoneSimulator.ActiveCfg = Alpha|Any CPU
		{8CBDE9F8-7F9B-445C-A907-6ACCAB30F6C8}.Alpha|iPhoneSimulator.Build.0 = Alpha|Any CPU
		{8CBDE9F8-7F9B-445C-A907-6ACCAB30F6C8}.Alpha|x64.ActiveCfg = Alpha|Any CPU
		{8CBDE9F8-7F9B-445C-A907-6ACCAB30F6C8}.Alpha|x64.Build.0 = Alpha|Any CPU
		{8CBDE9F8-7F9B-445C-A907-6ACCAB30F6C8}.Alpha|x86.ActiveCfg = Alpha|Any CPU
		{8CBDE9F8-7F9B-445C-A907-6ACCAB30F6C8}.Alpha|x86.Build.0 = Alpha|Any CPU
		{8CBDE9F8-7F9B-445C-A907-6ACCAB30F6C8}.Debug|Any CPU.ActiveCfg = Debug|Any CPU
		{8CBDE9F8-7F9B-445C-A907-6ACCAB30F6C8}.Debug|Any CPU.Build.0 = Debug|Any CPU
		{8CBDE9F8-7F9B-445C-A907-6ACCAB30F6C8}.Debug|iPhone.ActiveCfg = Debug|Any CPU
		{8CBDE9F8-7F9B-445C-A907-6ACCAB30F6C8}.Debug|iPhone.Build.0 = Debug|Any CPU
		{8CBDE9F8-7F9B-445C-A907-6ACCAB30F6C8}.Debug|iPhoneSimulator.ActiveCfg = Debug|Any CPU
		{8CBDE9F8-7F9B-445C-A907-6ACCAB30F6C8}.Debug|iPhoneSimulator.Build.0 = Debug|Any CPU
		{8CBDE9F8-7F9B-445C-A907-6ACCAB30F6C8}.Debug|x64.ActiveCfg = Debug|Any CPU
		{8CBDE9F8-7F9B-445C-A907-6ACCAB30F6C8}.Debug|x64.Build.0 = Debug|Any CPU
		{8CBDE9F8-7F9B-445C-A907-6ACCAB30F6C8}.Debug|x86.ActiveCfg = Debug|Any CPU
		{8CBDE9F8-7F9B-445C-A907-6ACCAB30F6C8}.Debug|x86.Build.0 = Debug|Any CPU
		{8CBDE9F8-7F9B-445C-A907-6ACCAB30F6C8}.Release|Any CPU.ActiveCfg = Release|Any CPU
		{8CBDE9F8-7F9B-445C-A907-6ACCAB30F6C8}.Release|Any CPU.Build.0 = Release|Any CPU
		{8CBDE9F8-7F9B-445C-A907-6ACCAB30F6C8}.Release|iPhone.ActiveCfg = Release|Any CPU
		{8CBDE9F8-7F9B-445C-A907-6ACCAB30F6C8}.Release|iPhone.Build.0 = Release|Any CPU
		{8CBDE9F8-7F9B-445C-A907-6ACCAB30F6C8}.Release|iPhoneSimulator.ActiveCfg = Release|Any CPU
		{8CBDE9F8-7F9B-445C-A907-6ACCAB30F6C8}.Release|iPhoneSimulator.Build.0 = Release|Any CPU
		{8CBDE9F8-7F9B-445C-A907-6ACCAB30F6C8}.Release|x64.ActiveCfg = Release|Any CPU
		{8CBDE9F8-7F9B-445C-A907-6ACCAB30F6C8}.Release|x64.Build.0 = Release|Any CPU
		{8CBDE9F8-7F9B-445C-A907-6ACCAB30F6C8}.Release|x86.ActiveCfg = Release|Any CPU
		{8CBDE9F8-7F9B-445C-A907-6ACCAB30F6C8}.Release|x86.Build.0 = Release|Any CPU
		{3519C92B-E7B1-4565-81FE-FB57ECE8AF1F}.Alpha|Any CPU.ActiveCfg = Alpha|Any CPU
		{3519C92B-E7B1-4565-81FE-FB57ECE8AF1F}.Alpha|Any CPU.Build.0 = Alpha|Any CPU
		{3519C92B-E7B1-4565-81FE-FB57ECE8AF1F}.Alpha|iPhone.ActiveCfg = Alpha|Any CPU
		{3519C92B-E7B1-4565-81FE-FB57ECE8AF1F}.Alpha|iPhone.Build.0 = Alpha|Any CPU
		{3519C92B-E7B1-4565-81FE-FB57ECE8AF1F}.Alpha|iPhoneSimulator.ActiveCfg = Alpha|Any CPU
		{3519C92B-E7B1-4565-81FE-FB57ECE8AF1F}.Alpha|iPhoneSimulator.Build.0 = Alpha|Any CPU
		{3519C92B-E7B1-4565-81FE-FB57ECE8AF1F}.Alpha|x64.ActiveCfg = Alpha|Any CPU
		{3519C92B-E7B1-4565-81FE-FB57ECE8AF1F}.Alpha|x64.Build.0 = Alpha|Any CPU
		{3519C92B-E7B1-4565-81FE-FB57ECE8AF1F}.Alpha|x86.ActiveCfg = Alpha|Any CPU
		{3519C92B-E7B1-4565-81FE-FB57ECE8AF1F}.Alpha|x86.Build.0 = Alpha|Any CPU
		{3519C92B-E7B1-4565-81FE-FB57ECE8AF1F}.Debug|Any CPU.ActiveCfg = Debug|Any CPU
		{3519C92B-E7B1-4565-81FE-FB57ECE8AF1F}.Debug|Any CPU.Build.0 = Debug|Any CPU
		{3519C92B-E7B1-4565-81FE-FB57ECE8AF1F}.Debug|iPhone.ActiveCfg = Debug|Any CPU
		{3519C92B-E7B1-4565-81FE-FB57ECE8AF1F}.Debug|iPhone.Build.0 = Debug|Any CPU
		{3519C92B-E7B1-4565-81FE-FB57ECE8AF1F}.Debug|iPhoneSimulator.ActiveCfg = Debug|Any CPU
		{3519C92B-E7B1-4565-81FE-FB57ECE8AF1F}.Debug|iPhoneSimulator.Build.0 = Debug|Any CPU
		{3519C92B-E7B1-4565-81FE-FB57ECE8AF1F}.Debug|x64.ActiveCfg = Debug|Any CPU
		{3519C92B-E7B1-4565-81FE-FB57ECE8AF1F}.Debug|x64.Build.0 = Debug|Any CPU
		{3519C92B-E7B1-4565-81FE-FB57ECE8AF1F}.Debug|x86.ActiveCfg = Debug|Any CPU
		{3519C92B-E7B1-4565-81FE-FB57ECE8AF1F}.Debug|x86.Build.0 = Debug|Any CPU
		{3519C92B-E7B1-4565-81FE-FB57ECE8AF1F}.Release|Any CPU.ActiveCfg = Release|Any CPU
		{3519C92B-E7B1-4565-81FE-FB57ECE8AF1F}.Release|Any CPU.Build.0 = Release|Any CPU
		{3519C92B-E7B1-4565-81FE-FB57ECE8AF1F}.Release|iPhone.ActiveCfg = Release|Any CPU
		{3519C92B-E7B1-4565-81FE-FB57ECE8AF1F}.Release|iPhone.Build.0 = Release|Any CPU
		{3519C92B-E7B1-4565-81FE-FB57ECE8AF1F}.Release|iPhoneSimulator.ActiveCfg = Release|Any CPU
		{3519C92B-E7B1-4565-81FE-FB57ECE8AF1F}.Release|iPhoneSimulator.Build.0 = Release|Any CPU
		{3519C92B-E7B1-4565-81FE-FB57ECE8AF1F}.Release|x64.ActiveCfg = Release|Any CPU
		{3519C92B-E7B1-4565-81FE-FB57ECE8AF1F}.Release|x64.Build.0 = Release|Any CPU
		{3519C92B-E7B1-4565-81FE-FB57ECE8AF1F}.Release|x86.ActiveCfg = Release|Any CPU
		{3519C92B-E7B1-4565-81FE-FB57ECE8AF1F}.Release|x86.Build.0 = Release|Any CPU
		{28F7E901-503A-4022-9542-487DFF48AB1D}.Alpha|Any CPU.ActiveCfg = Alpha|Any CPU
		{28F7E901-503A-4022-9542-487DFF48AB1D}.Alpha|Any CPU.Build.0 = Alpha|Any CPU
		{28F7E901-503A-4022-9542-487DFF48AB1D}.Alpha|Any CPU.Deploy.0 = Alpha|Any CPU
		{28F7E901-503A-4022-9542-487DFF48AB1D}.Alpha|iPhone.ActiveCfg = Alpha|Any CPU
		{28F7E901-503A-4022-9542-487DFF48AB1D}.Alpha|iPhone.Build.0 = Alpha|Any CPU
		{28F7E901-503A-4022-9542-487DFF48AB1D}.Alpha|iPhone.Deploy.0 = Alpha|Any CPU
		{28F7E901-503A-4022-9542-487DFF48AB1D}.Alpha|iPhoneSimulator.ActiveCfg = Alpha|Any CPU
		{28F7E901-503A-4022-9542-487DFF48AB1D}.Alpha|iPhoneSimulator.Build.0 = Alpha|Any CPU
		{28F7E901-503A-4022-9542-487DFF48AB1D}.Alpha|iPhoneSimulator.Deploy.0 = Alpha|Any CPU
		{28F7E901-503A-4022-9542-487DFF48AB1D}.Alpha|x64.ActiveCfg = Alpha|Any CPU
		{28F7E901-503A-4022-9542-487DFF48AB1D}.Alpha|x64.Build.0 = Alpha|Any CPU
		{28F7E901-503A-4022-9542-487DFF48AB1D}.Alpha|x64.Deploy.0 = Alpha|Any CPU
		{28F7E901-503A-4022-9542-487DFF48AB1D}.Alpha|x86.ActiveCfg = Alpha|Any CPU
		{28F7E901-503A-4022-9542-487DFF48AB1D}.Alpha|x86.Build.0 = Alpha|Any CPU
		{28F7E901-503A-4022-9542-487DFF48AB1D}.Alpha|x86.Deploy.0 = Alpha|Any CPU
		{28F7E901-503A-4022-9542-487DFF48AB1D}.Debug|Any CPU.ActiveCfg = Debug|Any CPU
		{28F7E901-503A-4022-9542-487DFF48AB1D}.Debug|Any CPU.Build.0 = Debug|Any CPU
		{28F7E901-503A-4022-9542-487DFF48AB1D}.Debug|Any CPU.Deploy.0 = Debug|Any CPU
		{28F7E901-503A-4022-9542-487DFF48AB1D}.Debug|iPhone.ActiveCfg = Debug|Any CPU
		{28F7E901-503A-4022-9542-487DFF48AB1D}.Debug|iPhone.Build.0 = Debug|Any CPU
		{28F7E901-503A-4022-9542-487DFF48AB1D}.Debug|iPhone.Deploy.0 = Debug|Any CPU
		{28F7E901-503A-4022-9542-487DFF48AB1D}.Debug|iPhoneSimulator.ActiveCfg = Debug|Any CPU
		{28F7E901-503A-4022-9542-487DFF48AB1D}.Debug|iPhoneSimulator.Build.0 = Debug|Any CPU
		{28F7E901-503A-4022-9542-487DFF48AB1D}.Debug|iPhoneSimulator.Deploy.0 = Debug|Any CPU
		{28F7E901-503A-4022-9542-487DFF48AB1D}.Debug|x64.ActiveCfg = Debug|Any CPU
		{28F7E901-503A-4022-9542-487DFF48AB1D}.Debug|x64.Build.0 = Debug|Any CPU
		{28F7E901-503A-4022-9542-487DFF48AB1D}.Debug|x64.Deploy.0 = Debug|Any CPU
		{28F7E901-503A-4022-9542-487DFF48AB1D}.Debug|x86.ActiveCfg = Debug|Any CPU
		{28F7E901-503A-4022-9542-487DFF48AB1D}.Debug|x86.Build.0 = Debug|Any CPU
		{28F7E901-503A-4022-9542-487DFF48AB1D}.Debug|x86.Deploy.0 = Debug|Any CPU
		{28F7E901-503A-4022-9542-487DFF48AB1D}.Release|Any CPU.ActiveCfg = Release|Any CPU
		{28F7E901-503A-4022-9542-487DFF48AB1D}.Release|Any CPU.Build.0 = Release|Any CPU
		{28F7E901-503A-4022-9542-487DFF48AB1D}.Release|Any CPU.Deploy.0 = Release|Any CPU
		{28F7E901-503A-4022-9542-487DFF48AB1D}.Release|iPhone.ActiveCfg = Release|Any CPU
		{28F7E901-503A-4022-9542-487DFF48AB1D}.Release|iPhone.Build.0 = Release|Any CPU
		{28F7E901-503A-4022-9542-487DFF48AB1D}.Release|iPhone.Deploy.0 = Release|Any CPU
		{28F7E901-503A-4022-9542-487DFF48AB1D}.Release|iPhoneSimulator.ActiveCfg = Release|Any CPU
		{28F7E901-503A-4022-9542-487DFF48AB1D}.Release|iPhoneSimulator.Build.0 = Release|Any CPU
		{28F7E901-503A-4022-9542-487DFF48AB1D}.Release|iPhoneSimulator.Deploy.0 = Release|Any CPU
		{28F7E901-503A-4022-9542-487DFF48AB1D}.Release|x64.ActiveCfg = Release|Any CPU
		{28F7E901-503A-4022-9542-487DFF48AB1D}.Release|x64.Build.0 = Release|Any CPU
		{28F7E901-503A-4022-9542-487DFF48AB1D}.Release|x64.Deploy.0 = Release|Any CPU
		{28F7E901-503A-4022-9542-487DFF48AB1D}.Release|x86.ActiveCfg = Release|Any CPU
		{28F7E901-503A-4022-9542-487DFF48AB1D}.Release|x86.Build.0 = Release|Any CPU
		{28F7E901-503A-4022-9542-487DFF48AB1D}.Release|x86.Deploy.0 = Release|Any CPU
		{8ED67BFD-4EF3-42BD-969E-43DF87E3B159}.Alpha|Any CPU.ActiveCfg = Alpha|iPhoneSimulator
		{8ED67BFD-4EF3-42BD-969E-43DF87E3B159}.Alpha|iPhone.ActiveCfg = Alpha|iPhone
		{8ED67BFD-4EF3-42BD-969E-43DF87E3B159}.Alpha|iPhoneSimulator.ActiveCfg = Alpha|iPhoneSimulator
		{8ED67BFD-4EF3-42BD-969E-43DF87E3B159}.Alpha|x64.ActiveCfg = Alpha|iPhoneSimulator
		{8ED67BFD-4EF3-42BD-969E-43DF87E3B159}.Alpha|x86.ActiveCfg = Alpha|iPhoneSimulator
		{8ED67BFD-4EF3-42BD-969E-43DF87E3B159}.Debug|Any CPU.ActiveCfg = Debug|iPhoneSimulator
		{8ED67BFD-4EF3-42BD-969E-43DF87E3B159}.Debug|iPhone.ActiveCfg = Debug|iPhone
		{8ED67BFD-4EF3-42BD-969E-43DF87E3B159}.Debug|iPhone.Build.0 = Debug|iPhone
		{8ED67BFD-4EF3-42BD-969E-43DF87E3B159}.Debug|iPhoneSimulator.ActiveCfg = Debug|iPhoneSimulator
		{8ED67BFD-4EF3-42BD-969E-43DF87E3B159}.Debug|iPhoneSimulator.Build.0 = Debug|iPhoneSimulator
		{8ED67BFD-4EF3-42BD-969E-43DF87E3B159}.Debug|x64.ActiveCfg = Debug|iPhoneSimulator
		{8ED67BFD-4EF3-42BD-969E-43DF87E3B159}.Debug|x86.ActiveCfg = Debug|iPhoneSimulator
		{8ED67BFD-4EF3-42BD-969E-43DF87E3B159}.Release|Any CPU.ActiveCfg = Release|iPhoneSimulator
		{8ED67BFD-4EF3-42BD-969E-43DF87E3B159}.Release|iPhone.ActiveCfg = Release|iPhone
		{8ED67BFD-4EF3-42BD-969E-43DF87E3B159}.Release|iPhone.Build.0 = Release|iPhone
		{8ED67BFD-4EF3-42BD-969E-43DF87E3B159}.Release|iPhoneSimulator.ActiveCfg = Release|iPhoneSimulator
		{8ED67BFD-4EF3-42BD-969E-43DF87E3B159}.Release|iPhoneSimulator.Build.0 = Release|iPhoneSimulator
		{8ED67BFD-4EF3-42BD-969E-43DF87E3B159}.Release|x64.ActiveCfg = Release|iPhoneSimulator
		{8ED67BFD-4EF3-42BD-969E-43DF87E3B159}.Release|x86.ActiveCfg = Release|iPhoneSimulator
		{49944B88-61C8-457E-8040-8312DE8572CA}.Alpha|Any CPU.ActiveCfg = Alpha|Any CPU
		{49944B88-61C8-457E-8040-8312DE8572CA}.Alpha|Any CPU.Build.0 = Alpha|Any CPU
		{49944B88-61C8-457E-8040-8312DE8572CA}.Alpha|iPhone.ActiveCfg = Alpha|Any CPU
		{49944B88-61C8-457E-8040-8312DE8572CA}.Alpha|iPhone.Build.0 = Alpha|Any CPU
		{49944B88-61C8-457E-8040-8312DE8572CA}.Alpha|iPhoneSimulator.ActiveCfg = Alpha|Any CPU
		{49944B88-61C8-457E-8040-8312DE8572CA}.Alpha|iPhoneSimulator.Build.0 = Alpha|Any CPU
		{49944B88-61C8-457E-8040-8312DE8572CA}.Alpha|x64.ActiveCfg = Alpha|Any CPU
		{49944B88-61C8-457E-8040-8312DE8572CA}.Alpha|x64.Build.0 = Alpha|Any CPU
		{49944B88-61C8-457E-8040-8312DE8572CA}.Alpha|x86.ActiveCfg = Alpha|Any CPU
		{49944B88-61C8-457E-8040-8312DE8572CA}.Alpha|x86.Build.0 = Alpha|Any CPU
		{49944B88-61C8-457E-8040-8312DE8572CA}.Debug|Any CPU.ActiveCfg = Debug|Any CPU
		{49944B88-61C8-457E-8040-8312DE8572CA}.Debug|Any CPU.Build.0 = Debug|Any CPU
		{49944B88-61C8-457E-8040-8312DE8572CA}.Debug|iPhone.ActiveCfg = Debug|Any CPU
		{49944B88-61C8-457E-8040-8312DE8572CA}.Debug|iPhone.Build.0 = Debug|Any CPU
		{49944B88-61C8-457E-8040-8312DE8572CA}.Debug|iPhoneSimulator.ActiveCfg = Debug|Any CPU
		{49944B88-61C8-457E-8040-8312DE8572CA}.Debug|iPhoneSimulator.Build.0 = Debug|Any CPU
		{49944B88-61C8-457E-8040-8312DE8572CA}.Debug|x64.ActiveCfg = Debug|Any CPU
		{49944B88-61C8-457E-8040-8312DE8572CA}.Debug|x64.Build.0 = Debug|Any CPU
		{49944B88-61C8-457E-8040-8312DE8572CA}.Debug|x86.ActiveCfg = Debug|Any CPU
		{49944B88-61C8-457E-8040-8312DE8572CA}.Debug|x86.Build.0 = Debug|Any CPU
		{49944B88-61C8-457E-8040-8312DE8572CA}.Release|Any CPU.ActiveCfg = Release|Any CPU
		{49944B88-61C8-457E-8040-8312DE8572CA}.Release|Any CPU.Build.0 = Release|Any CPU
		{49944B88-61C8-457E-8040-8312DE8572CA}.Release|iPhone.ActiveCfg = Release|Any CPU
		{49944B88-61C8-457E-8040-8312DE8572CA}.Release|iPhone.Build.0 = Release|Any CPU
		{49944B88-61C8-457E-8040-8312DE8572CA}.Release|iPhoneSimulator.ActiveCfg = Release|Any CPU
		{49944B88-61C8-457E-8040-8312DE8572CA}.Release|iPhoneSimulator.Build.0 = Release|Any CPU
		{49944B88-61C8-457E-8040-8312DE8572CA}.Release|x64.ActiveCfg = Release|Any CPU
		{49944B88-61C8-457E-8040-8312DE8572CA}.Release|x64.Build.0 = Release|Any CPU
		{49944B88-61C8-457E-8040-8312DE8572CA}.Release|x86.ActiveCfg = Release|Any CPU
		{49944B88-61C8-457E-8040-8312DE8572CA}.Release|x86.Build.0 = Release|Any CPU
	EndGlobalSection
	GlobalSection(SolutionProperties) = preSolution
		HideSolutionNode = FALSE
	EndGlobalSection
	GlobalSection(NestedProjects) = preSolution
		{9FA53B3B-958A-4660-B4E1-B08FBF07A9DF} = {AB2020FA-B4E4-4264-B58A-A892E1A4733B}
		{8CBDE9F8-7F9B-445C-A907-6ACCAB30F6C8} = {A9EEBD57-189B-43C9-B719-0A70F9847242}
		{3519C92B-E7B1-4565-81FE-FB57ECE8AF1F} = {AB2020FA-B4E4-4264-B58A-A892E1A4733B}
		{28F7E901-503A-4022-9542-487DFF48AB1D} = {AB2020FA-B4E4-4264-B58A-A892E1A4733B}
		{8ED67BFD-4EF3-42BD-969E-43DF87E3B159} = {AB2020FA-B4E4-4264-B58A-A892E1A4733B}
		{49944B88-61C8-457E-8040-8312DE8572CA} = {AB2020FA-B4E4-4264-B58A-A892E1A4733B}
	EndGlobalSection
	GlobalSection(ExtensibilityGlobals) = postSolution
		SolutionGuid = {E9B7237A-0D08-4C65-8B99-D530CAE36A55}
	EndGlobalSection
EndGlobal
