
Microsoft Visual Studio Solution File, Format Version 12.00
# Visual Studio Version 16
VisualStudioVersion = 16.0.30413.136
MinimumVisualStudioVersion = 15.0.26124.0
Project("{2150E333-8FDC-42A3-9474-1A3956D46DE8}") = "Source", "Source", "{AB2020FA-B4E4-4264-B58A-A892E1A4733B}"
EndProject
Project("{9A19103F-16F7-4668-BE54-9A1E7A4F7556}") = "Core", "Source\Core\Core.csproj", "{9FA53B3B-958A-4660-B4E1-B08FBF07A9DF}"
EndProject
Project("{2150E333-8FDC-42A3-9474-1A3956D46DE8}") = "Test", "Test", "{A9EEBD57-189B-43C9-B719-0A70F9847242}"
EndProject
Project("{9A19103F-16F7-4668-BE54-9A1E7A4F7556}") = "Core.Test", "Test\Core.Test\Core.Test.csproj", "{8CBDE9F8-7F9B-445C-A907-6ACCAB30F6C8}"
EndProject
Project("{FAE04EC0-301F-11D3-BF4B-00C04F79EFBC}") = "Infrastructure", "Infrastructure\Infrastructure.csproj", "{6847ACD7-59A0-48F2-A51F-3B6EBC56D533}"
EndProject
Global
	GlobalSection(SolutionConfigurationPlatforms) = preSolution
		Debug|Any CPU = Debug|Any CPU
		Debug|x64 = Debug|x64
		Debug|x86 = Debug|x86
		Release|Any CPU = Release|Any CPU
		Release|x64 = Release|x64
		Release|x86 = Release|x86
	EndGlobalSection
	GlobalSection(ProjectConfigurationPlatforms) = postSolution
		{9FA53B3B-958A-4660-B4E1-B08FBF07A9DF}.Debug|Any CPU.ActiveCfg = Debug|Any CPU
		{9FA53B3B-958A-4660-B4E1-B08FBF07A9DF}.Debug|Any CPU.Build.0 = Debug|Any CPU
		{9FA53B3B-958A-4660-B4E1-B08FBF07A9DF}.Debug|x64.ActiveCfg = Debug|Any CPU
		{9FA53B3B-958A-4660-B4E1-B08FBF07A9DF}.Debug|x64.Build.0 = Debug|Any CPU
		{9FA53B3B-958A-4660-B4E1-B08FBF07A9DF}.Debug|x86.ActiveCfg = Debug|Any CPU
		{9FA53B3B-958A-4660-B4E1-B08FBF07A9DF}.Debug|x86.Build.0 = Debug|Any CPU
		{9FA53B3B-958A-4660-B4E1-B08FBF07A9DF}.Release|Any CPU.ActiveCfg = Release|Any CPU
		{9FA53B3B-958A-4660-B4E1-B08FBF07A9DF}.Release|Any CPU.Build.0 = Release|Any CPU
		{9FA53B3B-958A-4660-B4E1-B08FBF07A9DF}.Release|x64.ActiveCfg = Release|Any CPU
		{9FA53B3B-958A-4660-B4E1-B08FBF07A9DF}.Release|x64.Build.0 = Release|Any CPU
		{9FA53B3B-958A-4660-B4E1-B08FBF07A9DF}.Release|x86.ActiveCfg = Release|Any CPU
		{9FA53B3B-958A-4660-B4E1-B08FBF07A9DF}.Release|x86.Build.0 = Release|Any CPU
		{8CBDE9F8-7F9B-445C-A907-6ACCAB30F6C8}.Debug|Any CPU.ActiveCfg = Debug|Any CPU
		{8CBDE9F8-7F9B-445C-A907-6ACCAB30F6C8}.Debug|Any CPU.Build.0 = Debug|Any CPU
		{8CBDE9F8-7F9B-445C-A907-6ACCAB30F6C8}.Debug|x64.ActiveCfg = Debug|Any CPU
		{8CBDE9F8-7F9B-445C-A907-6ACCAB30F6C8}.Debug|x64.Build.0 = Debug|Any CPU
		{8CBDE9F8-7F9B-445C-A907-6ACCAB30F6C8}.Debug|x86.ActiveCfg = Debug|Any CPU
		{8CBDE9F8-7F9B-445C-A907-6ACCAB30F6C8}.Debug|x86.Build.0 = Debug|Any CPU
		{8CBDE9F8-7F9B-445C-A907-6ACCAB30F6C8}.Release|Any CPU.ActiveCfg = Release|Any CPU
		{8CBDE9F8-7F9B-445C-A907-6ACCAB30F6C8}.Release|Any CPU.Build.0 = Release|Any CPU
		{8CBDE9F8-7F9B-445C-A907-6ACCAB30F6C8}.Release|x64.ActiveCfg = Release|Any CPU
		{8CBDE9F8-7F9B-445C-A907-6ACCAB30F6C8}.Release|x64.Build.0 = Release|Any CPU
		{8CBDE9F8-7F9B-445C-A907-6ACCAB30F6C8}.Release|x86.ActiveCfg = Release|Any CPU
		{8CBDE9F8-7F9B-445C-A907-6ACCAB30F6C8}.Release|x86.Build.0 = Release|Any CPU
		{6847ACD7-59A0-48F2-A51F-3B6EBC56D533}.Debug|Any CPU.ActiveCfg = Debug|Any CPU
		{6847ACD7-59A0-48F2-A51F-3B6EBC56D533}.Debug|Any CPU.Build.0 = Debug|Any CPU
		{6847ACD7-59A0-48F2-A51F-3B6EBC56D533}.Debug|x64.ActiveCfg = Debug|Any CPU
		{6847ACD7-59A0-48F2-A51F-3B6EBC56D533}.Debug|x64.Build.0 = Debug|Any CPU
		{6847ACD7-59A0-48F2-A51F-3B6EBC56D533}.Debug|x86.ActiveCfg = Debug|Any CPU
		{6847ACD7-59A0-48F2-A51F-3B6EBC56D533}.Debug|x86.Build.0 = Debug|Any CPU
		{6847ACD7-59A0-48F2-A51F-3B6EBC56D533}.Release|Any CPU.ActiveCfg = Release|Any CPU
		{6847ACD7-59A0-48F2-A51F-3B6EBC56D533}.Release|Any CPU.Build.0 = Release|Any CPU
		{6847ACD7-59A0-48F2-A51F-3B6EBC56D533}.Release|x64.ActiveCfg = Release|Any CPU
		{6847ACD7-59A0-48F2-A51F-3B6EBC56D533}.Release|x64.Build.0 = Release|Any CPU
		{6847ACD7-59A0-48F2-A51F-3B6EBC56D533}.Release|x86.ActiveCfg = Release|Any CPU
		{6847ACD7-59A0-48F2-A51F-3B6EBC56D533}.Release|x86.Build.0 = Release|Any CPU
	EndGlobalSection
	GlobalSection(SolutionProperties) = preSolution
		HideSolutionNode = FALSE
	EndGlobalSection
	GlobalSection(NestedProjects) = preSolution
		{9FA53B3B-958A-4660-B4E1-B08FBF07A9DF} = {AB2020FA-B4E4-4264-B58A-A892E1A4733B}
		{8CBDE9F8-7F9B-445C-A907-6ACCAB30F6C8} = {A9EEBD57-189B-43C9-B719-0A70F9847242}
		{6847ACD7-59A0-48F2-A51F-3B6EBC56D533} = {AB2020FA-B4E4-4264-B58A-A892E1A4733B}
	EndGlobalSection
	GlobalSection(ExtensibilityGlobals) = postSolution
		SolutionGuid = {E9B7237A-0D08-4C65-8B99-D530CAE36A55}
	EndGlobalSection
EndGlobal
